// !$*UTF8*$!
{
	archiveVersion = 1;
	classes = {
	};
	objectVersion = 46;
	objects = {

/* Begin PBXBuildFile section */
		9D4A0B951A0ACDB20053AB10 /* AppDelegate.swift in Sources */ = {isa = PBXBuildFile; fileRef = 9D4A0B941A0ACDB20053AB10 /* AppDelegate.swift */; };
		9D4A0B9A1A0ACDB20053AB10 /* Main.storyboard in Resources */ = {isa = PBXBuildFile; fileRef = 9D4A0B981A0ACDB20053AB10 /* Main.storyboard */; };
		9D4A0B9C1A0ACDB20053AB10 /* Images.xcassets in Resources */ = {isa = PBXBuildFile; fileRef = 9D4A0B9B1A0ACDB20053AB10 /* Images.xcassets */; };
		9D4A0B9F1A0ACDB20053AB10 /* LaunchScreen.xib in Resources */ = {isa = PBXBuildFile; fileRef = 9D4A0B9D1A0ACDB20053AB10 /* LaunchScreen.xib */; };
		9D4A0BAB1A0ACDB20053AB10 /* ChorizoTests.swift in Sources */ = {isa = PBXBuildFile; fileRef = 9D4A0BAA1A0ACDB20053AB10 /* ChorizoTests.swift */; };
		9D4A0BB51A0ACDFB0053AB10 /* ChorizoString.swift in Sources */ = {isa = PBXBuildFile; fileRef = 9D4A0BB41A0ACDFB0053AB10 /* ChorizoString.swift */; };
		9D4A0BB71A0B445E0053AB10 /* ChorizoArray.swift in Sources */ = {isa = PBXBuildFile; fileRef = 9D4A0BB61A0B445E0053AB10 /* ChorizoArray.swift */; };
		9DA6FD671A0B90D900D62143 /* ViewController.swift in Sources */ = {isa = PBXBuildFile; fileRef = 9DA6FD661A0B90D900D62143 /* ViewController.swift */; };
		9DA6FD6B1A0BC1B200D62143 /* ChorizoAsyncSerialTask.swift in Sources */ = {isa = PBXBuildFile; fileRef = 9DA6FD6A1A0BC1B200D62143 /* ChorizoAsyncSerialTask.swift */; };
		9DA6FD6D1A0C10B400D62143 /* ChorizoDouble.swift in Sources */ = {isa = PBXBuildFile; fileRef = 9DA6FD6C1A0C10B400D62143 /* ChorizoDouble.swift */; };
		9DA6FD6F1A0CBD5000D62143 /* ChorizoNSData.swift in Sources */ = {isa = PBXBuildFile; fileRef = 9DA6FD6E1A0CBD5000D62143 /* ChorizoNSData.swift */; };
		9DA6FD711A0CBF7800D62143 /* ChorizoPlist.swift in Sources */ = {isa = PBXBuildFile; fileRef = 9DA6FD701A0CBF7800D62143 /* ChorizoPlist.swift */; };
		9DA6FD731A0CD5AE00D62143 /* ChorizoTasks.swift in Sources */ = {isa = PBXBuildFile; fileRef = 9DA6FD721A0CD5AE00D62143 /* ChorizoTasks.swift */; };
		9DB11BC81A1F888100F065E2 /* ChorizoProUrlConnection.swift in Sources */ = {isa = PBXBuildFile; fileRef = 9DB11BC71A1F888100F065E2 /* ChorizoProUrlConnection.swift */; };
		9DCDF9741A13F0B2008EBDFE /* ChorizoUrlBuilder.swift in Sources */ = {isa = PBXBuildFile; fileRef = 9DCDF9731A13F0B2008EBDFE /* ChorizoUrlBuilder.swift */; };
		A9D69CD21A0B69260075DB4B /* ChorizoUrlConnection.swift in Sources */ = {isa = PBXBuildFile; fileRef = A9D69CD11A0B69260075DB4B /* ChorizoUrlConnection.swift */; };
		A9D69CD41A0B7F030075DB4B /* ChorizoInt.swift in Sources */ = {isa = PBXBuildFile; fileRef = A9D69CD31A0B7F030075DB4B /* ChorizoInt.swift */; };
/* End PBXBuildFile section */

/* Begin PBXContainerItemProxy section */
		9D4A0BA51A0ACDB20053AB10 /* PBXContainerItemProxy */ = {
			isa = PBXContainerItemProxy;
			containerPortal = 9D4A0B871A0ACDB20053AB10 /* Project object */;
			proxyType = 1;
			remoteGlobalIDString = 9D4A0B8E1A0ACDB20053AB10;
			remoteInfo = Chorizo;
		};
/* End PBXContainerItemProxy section */

/* Begin PBXFileReference section */
		9D4A0B8F1A0ACDB20053AB10 /* Chorizo.app */ = {isa = PBXFileReference; explicitFileType = wrapper.application; includeInIndex = 0; path = Chorizo.app; sourceTree = BUILT_PRODUCTS_DIR; };
		9D4A0B931A0ACDB20053AB10 /* Info.plist */ = {isa = PBXFileReference; lastKnownFileType = text.plist.xml; path = Info.plist; sourceTree = "<group>"; };
		9D4A0B941A0ACDB20053AB10 /* AppDelegate.swift */ = {isa = PBXFileReference; lastKnownFileType = sourcecode.swift; path = AppDelegate.swift; sourceTree = "<group>"; };
		9D4A0B991A0ACDB20053AB10 /* Base */ = {isa = PBXFileReference; lastKnownFileType = file.storyboard; name = Base; path = Base.lproj/Main.storyboard; sourceTree = "<group>"; };
		9D4A0B9B1A0ACDB20053AB10 /* Images.xcassets */ = {isa = PBXFileReference; lastKnownFileType = folder.assetcatalog; path = Images.xcassets; sourceTree = "<group>"; };
		9D4A0B9E1A0ACDB20053AB10 /* Base */ = {isa = PBXFileReference; lastKnownFileType = file.xib; name = Base; path = Base.lproj/LaunchScreen.xib; sourceTree = "<group>"; };
		9D4A0BA41A0ACDB20053AB10 /* ChorizoTests.xctest */ = {isa = PBXFileReference; explicitFileType = wrapper.cfbundle; includeInIndex = 0; path = ChorizoTests.xctest; sourceTree = BUILT_PRODUCTS_DIR; };
		9D4A0BA91A0ACDB20053AB10 /* Info.plist */ = {isa = PBXFileReference; lastKnownFileType = text.plist.xml; path = Info.plist; sourceTree = "<group>"; };
		9D4A0BAA1A0ACDB20053AB10 /* ChorizoTests.swift */ = {isa = PBXFileReference; lastKnownFileType = sourcecode.swift; path = ChorizoTests.swift; sourceTree = "<group>"; };
		9D4A0BB41A0ACDFB0053AB10 /* ChorizoString.swift */ = {isa = PBXFileReference; fileEncoding = 4; lastKnownFileType = sourcecode.swift; path = ChorizoString.swift; sourceTree = "<group>"; };
		9D4A0BB61A0B445E0053AB10 /* ChorizoArray.swift */ = {isa = PBXFileReference; fileEncoding = 4; lastKnownFileType = sourcecode.swift; path = ChorizoArray.swift; sourceTree = "<group>"; };
		9D4A0BB81A0B452D0053AB10 /* Playground.playground */ = {isa = PBXFileReference; lastKnownFileType = file.playground; path = Playground.playground; sourceTree = "<group>"; };
		9DA6FD661A0B90D900D62143 /* ViewController.swift */ = {isa = PBXFileReference; fileEncoding = 4; lastKnownFileType = sourcecode.swift; path = ViewController.swift; sourceTree = "<group>"; };
		9DA6FD6A1A0BC1B200D62143 /* ChorizoAsyncSerialTask.swift */ = {isa = PBXFileReference; fileEncoding = 4; lastKnownFileType = sourcecode.swift; path = ChorizoAsyncSerialTask.swift; sourceTree = "<group>"; };
		9DA6FD6C1A0C10B400D62143 /* ChorizoDouble.swift */ = {isa = PBXFileReference; fileEncoding = 4; lastKnownFileType = sourcecode.swift; path = ChorizoDouble.swift; sourceTree = "<group>"; };
		9DA6FD6E1A0CBD5000D62143 /* ChorizoNSData.swift */ = {isa = PBXFileReference; fileEncoding = 4; lastKnownFileType = sourcecode.swift; path = ChorizoNSData.swift; sourceTree = "<group>"; };
		9DA6FD701A0CBF7800D62143 /* ChorizoPlist.swift */ = {isa = PBXFileReference; fileEncoding = 4; lastKnownFileType = sourcecode.swift; path = ChorizoPlist.swift; sourceTree = "<group>"; };
		9DA6FD721A0CD5AE00D62143 /* ChorizoTasks.swift */ = {isa = PBXFileReference; fileEncoding = 4; lastKnownFileType = sourcecode.swift; path = ChorizoTasks.swift; sourceTree = "<group>"; };
		9DB11BC71A1F888100F065E2 /* ChorizoProUrlConnection.swift */ = {isa = PBXFileReference; fileEncoding = 4; lastKnownFileType = sourcecode.swift; path = ChorizoProUrlConnection.swift; sourceTree = "<group>"; };
		9DCDF9731A13F0B2008EBDFE /* ChorizoUrlBuilder.swift */ = {isa = PBXFileReference; fileEncoding = 4; lastKnownFileType = sourcecode.swift; path = ChorizoUrlBuilder.swift; sourceTree = "<group>"; };
		A9D69CD11A0B69260075DB4B /* ChorizoUrlConnection.swift */ = {isa = PBXFileReference; fileEncoding = 4; lastKnownFileType = sourcecode.swift; path = ChorizoUrlConnection.swift; sourceTree = "<group>"; };
		A9D69CD31A0B7F030075DB4B /* ChorizoInt.swift */ = {isa = PBXFileReference; fileEncoding = 4; lastKnownFileType = sourcecode.swift; path = ChorizoInt.swift; sourceTree = "<group>"; };
/* End PBXFileReference section */

/* Begin PBXFrameworksBuildPhase section */
		9D4A0B8C1A0ACDB20053AB10 /* Frameworks */ = {
			isa = PBXFrameworksBuildPhase;
			buildActionMask = 2147483647;
			files = (
			);
			runOnlyForDeploymentPostprocessing = 0;
		};
		9D4A0BA11A0ACDB20053AB10 /* Frameworks */ = {
			isa = PBXFrameworksBuildPhase;
			buildActionMask = 2147483647;
			files = (
			);
			runOnlyForDeploymentPostprocessing = 0;
		};
/* End PBXFrameworksBuildPhase section */

/* Begin PBXGroup section */
		9D4A0B861A0ACDB20053AB10 = {
			isa = PBXGroup;
			children = (
				9D4A0B911A0ACDB20053AB10 /* Chorizo */,
				9D4A0BA71A0ACDB20053AB10 /* ChorizoTests */,
				9D4A0B901A0ACDB20053AB10 /* Products */,
			);
			sourceTree = "<group>";
		};
		9D4A0B901A0ACDB20053AB10 /* Products */ = {
			isa = PBXGroup;
			children = (
				9D4A0B8F1A0ACDB20053AB10 /* Chorizo.app */,
				9D4A0BA41A0ACDB20053AB10 /* ChorizoTests.xctest */,
			);
			name = Products;
			sourceTree = "<group>";
		};
		9D4A0B911A0ACDB20053AB10 /* Chorizo */ = {
			isa = PBXGroup;
			children = (
				9D4A0BBA1A0B456E0053AB10 /* App Resources */,
				9D4A0BB91A0B45580053AB10 /* Chorizo Extensions and Classes */,
			);
			path = Chorizo;
			sourceTree = "<group>";
		};
		9D4A0B921A0ACDB20053AB10 /* Supporting Files */ = {
			isa = PBXGroup;
			children = (
				9D4A0B931A0ACDB20053AB10 /* Info.plist */,
			);
			name = "Supporting Files";
			sourceTree = "<group>";
		};
		9D4A0BA71A0ACDB20053AB10 /* ChorizoTests */ = {
			isa = PBXGroup;
			children = (
				9D4A0BAA1A0ACDB20053AB10 /* ChorizoTests.swift */,
				9D4A0BA81A0ACDB20053AB10 /* Supporting Files */,
			);
			path = ChorizoTests;
			sourceTree = "<group>";
		};
		9D4A0BA81A0ACDB20053AB10 /* Supporting Files */ = {
			isa = PBXGroup;
			children = (
				9D4A0BA91A0ACDB20053AB10 /* Info.plist */,
			);
			name = "Supporting Files";
			sourceTree = "<group>";
		};
		9D4A0BB91A0B45580053AB10 /* Chorizo Extensions and Classes */ = {
			isa = PBXGroup;
			children = (
				9DB11BC71A1F888100F065E2 /* ChorizoProUrlConnection.swift */,
				9D4A0BB41A0ACDFB0053AB10 /* ChorizoString.swift */,
				9D4A0BB61A0B445E0053AB10 /* ChorizoArray.swift */,
				A9D69CD11A0B69260075DB4B /* ChorizoUrlConnection.swift */,
				A9D69CD31A0B7F030075DB4B /* ChorizoInt.swift */,
				9DA6FD6A1A0BC1B200D62143 /* ChorizoAsyncSerialTask.swift */,
				9DA6FD6C1A0C10B400D62143 /* ChorizoDouble.swift */,
				9DA6FD6E1A0CBD5000D62143 /* ChorizoNSData.swift */,
				9DA6FD701A0CBF7800D62143 /* ChorizoPlist.swift */,
				9DA6FD721A0CD5AE00D62143 /* ChorizoTasks.swift */,
				9DCDF9731A13F0B2008EBDFE /* ChorizoUrlBuilder.swift */,
			);
			name = "Chorizo Extensions and Classes";
			sourceTree = "<group>";
		};
		9D4A0BBA1A0B456E0053AB10 /* App Resources */ = {
			isa = PBXGroup;
			children = (
				9D4A0B941A0ACDB20053AB10 /* AppDelegate.swift */,
				9D4A0B981A0ACDB20053AB10 /* Main.storyboard */,
				9D4A0B9B1A0ACDB20053AB10 /* Images.xcassets */,
				9D4A0B9D1A0ACDB20053AB10 /* LaunchScreen.xib */,
				9D4A0B921A0ACDB20053AB10 /* Supporting Files */,
				9D4A0BB81A0B452D0053AB10 /* Playground.playground */,
				9DA6FD661A0B90D900D62143 /* ViewController.swift */,
			);
			name = "App Resources";
			sourceTree = "<group>";
		};
/* End PBXGroup section */

/* Begin PBXNativeTarget section */
		9D4A0B8E1A0ACDB20053AB10 /* Chorizo */ = {
			isa = PBXNativeTarget;
			buildConfigurationList = 9D4A0BAE1A0ACDB20053AB10 /* Build configuration list for PBXNativeTarget "Chorizo" */;
			buildPhases = (
				9D4A0B8B1A0ACDB20053AB10 /* Sources */,
				9D4A0B8C1A0ACDB20053AB10 /* Frameworks */,
				9D4A0B8D1A0ACDB20053AB10 /* Resources */,
			);
			buildRules = (
			);
			dependencies = (
			);
			name = Chorizo;
			productName = Chorizo;
			productReference = 9D4A0B8F1A0ACDB20053AB10 /* Chorizo.app */;
			productType = "com.apple.product-type.application";
		};
		9D4A0BA31A0ACDB20053AB10 /* ChorizoTests */ = {
			isa = PBXNativeTarget;
			buildConfigurationList = 9D4A0BB11A0ACDB20053AB10 /* Build configuration list for PBXNativeTarget "ChorizoTests" */;
			buildPhases = (
				9D4A0BA01A0ACDB20053AB10 /* Sources */,
				9D4A0BA11A0ACDB20053AB10 /* Frameworks */,
				9D4A0BA21A0ACDB20053AB10 /* Resources */,
			);
			buildRules = (
			);
			dependencies = (
				9D4A0BA61A0ACDB20053AB10 /* PBXTargetDependency */,
			);
			name = ChorizoTests;
			productName = ChorizoTests;
			productReference = 9D4A0BA41A0ACDB20053AB10 /* ChorizoTests.xctest */;
			productType = "com.apple.product-type.bundle.unit-test";
		};
/* End PBXNativeTarget section */

/* Begin PBXProject section */
		9D4A0B871A0ACDB20053AB10 /* Project object */ = {
			isa = PBXProject;
			attributes = {
				LastUpgradeCheck = 0610;
				ORGANIZATIONNAME = "Pixolity Ltd.";
				TargetAttributes = {
					9D4A0B8E1A0ACDB20053AB10 = {
						CreatedOnToolsVersion = 6.1;
					};
					9D4A0BA31A0ACDB20053AB10 = {
						CreatedOnToolsVersion = 6.1;
						TestTargetID = 9D4A0B8E1A0ACDB20053AB10;
					};
				};
			};
			buildConfigurationList = 9D4A0B8A1A0ACDB20053AB10 /* Build configuration list for PBXProject "Chorizo" */;
			compatibilityVersion = "Xcode 3.2";
			developmentRegion = English;
			hasScannedForEncodings = 0;
			knownRegions = (
				en,
				Base,
			);
			mainGroup = 9D4A0B861A0ACDB20053AB10;
			productRefGroup = 9D4A0B901A0ACDB20053AB10 /* Products */;
			projectDirPath = "";
			projectRoot = "";
			targets = (
				9D4A0B8E1A0ACDB20053AB10 /* Chorizo */,
				9D4A0BA31A0ACDB20053AB10 /* ChorizoTests */,
			);
		};
/* End PBXProject section */

/* Begin PBXResourcesBuildPhase section */
		9D4A0B8D1A0ACDB20053AB10 /* Resources */ = {
			isa = PBXResourcesBuildPhase;
			buildActionMask = 2147483647;
			files = (
				9D4A0B9A1A0ACDB20053AB10 /* Main.storyboard in Resources */,
				9D4A0B9F1A0ACDB20053AB10 /* LaunchScreen.xib in Resources */,
				9D4A0B9C1A0ACDB20053AB10 /* Images.xcassets in Resources */,
			);
			runOnlyForDeploymentPostprocessing = 0;
		};
		9D4A0BA21A0ACDB20053AB10 /* Resources */ = {
			isa = PBXResourcesBuildPhase;
			buildActionMask = 2147483647;
			files = (
			);
			runOnlyForDeploymentPostprocessing = 0;
		};
/* End PBXResourcesBuildPhase section */

/* Begin PBXSourcesBuildPhase section */
		9D4A0B8B1A0ACDB20053AB10 /* Sources */ = {
			isa = PBXSourcesBuildPhase;
			buildActionMask = 2147483647;
			files = (
				9DA6FD671A0B90D900D62143 /* ViewController.swift in Sources */,
				9D4A0B951A0ACDB20053AB10 /* AppDelegate.swift in Sources */,
				9DCDF9741A13F0B2008EBDFE /* ChorizoUrlBuilder.swift in Sources */,
				A9D69CD41A0B7F030075DB4B /* ChorizoInt.swift in Sources */,
				9D4A0BB51A0ACDFB0053AB10 /* ChorizoString.swift in Sources */,
				9DA6FD6B1A0BC1B200D62143 /* ChorizoAsyncSerialTask.swift in Sources */,
				9DB11BC81A1F888100F065E2 /* ChorizoProUrlConnection.swift in Sources */,
				A9D69CD21A0B69260075DB4B /* ChorizoUrlConnection.swift in Sources */,
				9D4A0BB71A0B445E0053AB10 /* ChorizoArray.swift in Sources */,
				9DA6FD711A0CBF7800D62143 /* ChorizoPlist.swift in Sources */,
				9DA6FD6D1A0C10B400D62143 /* ChorizoDouble.swift in Sources */,
				9DA6FD6F1A0CBD5000D62143 /* ChorizoNSData.swift in Sources */,
				9DA6FD731A0CD5AE00D62143 /* ChorizoTasks.swift in Sources */,
			);
			runOnlyForDeploymentPostprocessing = 0;
		};
		9D4A0BA01A0ACDB20053AB10 /* Sources */ = {
			isa = PBXSourcesBuildPhase;
			buildActionMask = 2147483647;
			files = (
				9D4A0BAB1A0ACDB20053AB10 /* ChorizoTests.swift in Sources */,
			);
			runOnlyForDeploymentPostprocessing = 0;
		};
/* End PBXSourcesBuildPhase section */

/* Begin PBXTargetDependency section */
		9D4A0BA61A0ACDB20053AB10 /* PBXTargetDependency */ = {
			isa = PBXTargetDependency;
			target = 9D4A0B8E1A0ACDB20053AB10 /* Chorizo */;
			targetProxy = 9D4A0BA51A0ACDB20053AB10 /* PBXContainerItemProxy */;
		};
/* End PBXTargetDependency section */

/* Begin PBXVariantGroup section */
		9D4A0B981A0ACDB20053AB10 /* Main.storyboard */ = {
			isa = PBXVariantGroup;
			children = (
				9D4A0B991A0ACDB20053AB10 /* Base */,
			);
			name = Main.storyboard;
			sourceTree = "<group>";
		};
		9D4A0B9D1A0ACDB20053AB10 /* LaunchScreen.xib */ = {
			isa = PBXVariantGroup;
			children = (
				9D4A0B9E1A0ACDB20053AB10 /* Base */,
			);
			name = LaunchScreen.xib;
			sourceTree = "<group>";
		};
/* End PBXVariantGroup section */

/* Begin XCBuildConfiguration section */
		9D4A0BAC1A0ACDB20053AB10 /* Debug */ = {
			isa = XCBuildConfiguration;
			buildSettings = {
				ALWAYS_SEARCH_USER_PATHS = NO;
				CLANG_CXX_LANGUAGE_STANDARD = "gnu++0x";
				CLANG_CXX_LIBRARY = "libc++";
				CLANG_ENABLE_MODULES = YES;
				CLANG_ENABLE_OBJC_ARC = YES;
				CLANG_WARN_BOOL_CONVERSION = YES;
				CLANG_WARN_CONSTANT_CONVERSION = YES;
				CLANG_WARN_DIRECT_OBJC_ISA_USAGE = YES_ERROR;
				CLANG_WARN_EMPTY_BODY = YES;
				CLANG_WARN_ENUM_CONVERSION = YES;
				CLANG_WARN_INT_CONVERSION = YES;
				CLANG_WARN_OBJC_ROOT_CLASS = YES_ERROR;
				CLANG_WARN_UNREACHABLE_CODE = YES;
				CLANG_WARN__DUPLICATE_METHOD_MATCH = YES;
				"CODE_SIGN_IDENTITY[sdk=iphoneos*]" = "iPhone Developer";
				COPY_PHASE_STRIP = NO;
				ENABLE_STRICT_OBJC_MSGSEND = YES;
				GCC_C_LANGUAGE_STANDARD = gnu99;
				GCC_DYNAMIC_NO_PIC = NO;
				GCC_OPTIMIZATION_LEVEL = 0;
				GCC_PREPROCESSOR_DEFINITIONS = (
					"DEBUG=1",
					"$(inherited)",
				);
				GCC_SYMBOLS_PRIVATE_EXTERN = NO;
				GCC_WARN_64_TO_32_BIT_CONVERSION = YES;
				GCC_WARN_ABOUT_RETURN_TYPE = YES_ERROR;
				GCC_WARN_UNDECLARED_SELECTOR = YES;
				GCC_WARN_UNINITIALIZED_AUTOS = YES_AGGRESSIVE;
				GCC_WARN_UNUSED_FUNCTION = YES;
				GCC_WARN_UNUSED_VARIABLE = YES;
				IPHONEOS_DEPLOYMENT_TARGET = 8.1;
				MTL_ENABLE_DEBUG_INFO = YES;
				ONLY_ACTIVE_ARCH = YES;
				SDKROOT = iphoneos;
				SWIFT_OPTIMIZATION_LEVEL = "-Onone";
				TARGETED_DEVICE_FAMILY = "1,2";
			};
			name = Debug;
		};
		9D4A0BAD1A0ACDB20053AB10 /* Release */ = {
			isa = XCBuildConfiguration;
			buildSettings = {
				ALWAYS_SEARCH_USER_PATHS = NO;
				CLANG_CXX_LANGUAGE_STANDARD = "gnu++0x";
				CLANG_CXX_LIBRARY = "libc++";
				CLANG_ENABLE_MODULES = YES;
				CLANG_ENABLE_OBJC_ARC = YES;
				CLANG_WARN_BOOL_CONVERSION = YES;
				CLANG_WARN_CONSTANT_CONVERSION = YES;
				CLANG_WARN_DIRECT_OBJC_ISA_USAGE = YES_ERROR;
				CLANG_WARN_EMPTY_BODY = YES;
				CLANG_WARN_ENUM_CONVERSION = YES;
				CLANG_WARN_INT_CONVERSION = YES;
				CLANG_WARN_OBJC_ROOT_CLASS = YES_ERROR;
				CLANG_WARN_UNREACHABLE_CODE = YES;
				CLANG_WARN__DUPLICATE_METHOD_MATCH = YES;
				"CODE_SIGN_IDENTITY[sdk=iphoneos*]" = "iPhone Developer";
				COPY_PHASE_STRIP = YES;
				ENABLE_NS_ASSERTIONS = NO;
				ENABLE_STRICT_OBJC_MSGSEND = YES;
				GCC_C_LANGUAGE_STANDARD = gnu99;
				GCC_WARN_64_TO_32_BIT_CONVERSION = YES;
				GCC_WARN_ABOUT_RETURN_TYPE = YES_ERROR;
				GCC_WARN_UNDECLARED_SELECTOR = YES;
				GCC_WARN_UNINITIALIZED_AUTOS = YES_AGGRESSIVE;
				GCC_WARN_UNUSED_FUNCTION = YES;
				GCC_WARN_UNUSED_VARIABLE = YES;
				IPHONEOS_DEPLOYMENT_TARGET = 8.1;
				MTL_ENABLE_DEBUG_INFO = NO;
				SDKROOT = iphoneos;
				TARGETED_DEVICE_FAMILY = "1,2";
				VALIDATE_PRODUCT = YES;
			};
			name = Release;
		};
		9D4A0BAF1A0ACDB20053AB10 /* Debug */ = {
			isa = XCBuildConfiguration;
			buildSettings = {
				ASSETCATALOG_COMPILER_APPICON_NAME = AppIcon;
				INFOPLIST_FILE = Chorizo/Info.plist;
				LD_RUNPATH_SEARCH_PATHS = "$(inherited) @executable_path/Frameworks";
				PRODUCT_NAME = "$(TARGET_NAME)";
			};
			name = Debug;
		};
		9D4A0BB01A0ACDB20053AB10 /* Release */ = {
			isa = XCBuildConfiguration;
			buildSettings = {
				ASSETCATALOG_COMPILER_APPICON_NAME = AppIcon;
				INFOPLIST_FILE = Chorizo/Info.plist;
				LD_RUNPATH_SEARCH_PATHS = "$(inherited) @executable_path/Frameworks";
				PRODUCT_NAME = "$(TARGET_NAME)";
			};
			name = Release;
		};
		9D4A0BB21A0ACDB20053AB10 /* Debug */ = {
			isa = XCBuildConfiguration;
			buildSettings = {
				BUNDLE_LOADER = "$(TEST_HOST)";
				FRAMEWORK_SEARCH_PATHS = (
					"$(SDKROOT)/Developer/Library/Frameworks",
					"$(inherited)",
				);
				GCC_PREPROCESSOR_DEFINITIONS = (
					"DEBUG=1",
					"$(inherited)",
				);
				INFOPLIST_FILE = ChorizoTests/Info.plist;
				LD_RUNPATH_SEARCH_PATHS = "$(inherited) @executable_path/Frameworks @loader_path/Frameworks";
				PRODUCT_NAME = "$(TARGET_NAME)";
				TEST_HOST = "$(BUILT_PRODUCTS_DIR)/Chorizo.app/Chorizo";
			};
			name = Debug;
		};
		9D4A0BB31A0ACDB20053AB10 /* Release */ = {
			isa = XCBuildConfiguration;
			buildSettings = {
				BUNDLE_LOADER = "$(TEST_HOST)";
				FRAMEWORK_SEARCH_PATHS = (
					"$(SDKROOT)/Developer/Library/Frameworks",
					"$(inherited)",
				);
				INFOPLIST_FILE = ChorizoTests/Info.plist;
				LD_RUNPATH_SEARCH_PATHS = "$(inherited) @executable_path/Frameworks @loader_path/Frameworks";
				PRODUCT_NAME = "$(TARGET_NAME)";
				TEST_HOST = "$(BUILT_PRODUCTS_DIR)/Chorizo.app/Chorizo";
			};
			name = Release;
		};
/* End XCBuildConfiguration section */

/* Begin XCConfigurationList section */
		9D4A0B8A1A0ACDB20053AB10 /* Build configuration list for PBXProject "Chorizo" */ = {
			isa = XCConfigurationList;
			buildConfigurations = (
				9D4A0BAC1A0ACDB20053AB10 /* Debug */,
				9D4A0BAD1A0ACDB20053AB10 /* Release */,
			);
			defaultConfigurationIsVisible = 0;
			defaultConfigurationName = Release;
		};
		9D4A0BAE1A0ACDB20053AB10 /* Build configuration list for PBXNativeTarget "Chorizo" */ = {
			isa = XCConfigurationList;
			buildConfigurations = (
				9D4A0BAF1A0ACDB20053AB10 /* Debug */,
				9D4A0BB01A0ACDB20053AB10 /* Release */,
			);
			defaultConfigurationIsVisible = 0;
			defaultConfigurationName = Release;
		};
		9D4A0BB11A0ACDB20053AB10 /* Build configuration list for PBXNativeTarget "ChorizoTests" */ = {
			isa = XCConfigurationList;
			buildConfigurations = (
				9D4A0BB21A0ACDB20053AB10 /* Debug */,
				9D4A0BB31A0ACDB20053AB10 /* Release */,
			);
			defaultConfigurationIsVisible = 0;
			defaultConfigurationName = Release;
		};
/* End XCConfigurationList section */
	};
	rootObject = 9D4A0B871A0ACDB20053AB10 /* Project object */;
}
